
Microsoft Visual Studio Solution File, Format Version 12.00
# Visual Studio Version 17
VisualStudioVersion = 17.14.36518.9 d17.14
MinimumVisualStudioVersion = 10.0.40219.1
Project("{FAE04EC0-301F-11D3-BF4B-00C04F79EFBC}") = "KulturAtlasi", "KulturAtlasi\KulturAtlasi.csproj", "{A10184D6-980B-41F2-B736-99C1D5A18F4D}"
EndProject
Global
	GlobalSection(SolutionConfigurationPlatforms) = preSolution
		Debug|Any CPU = Debug|Any CPU
		Release|Any CPU = Release|Any CPU
	EndGlobalSection
	GlobalSection(ProjectConfigurationPlatforms) = postSolution
		{A10184D6-980B-41F2-B736-99C1D5A18F4D}.Debug|Any CPU.ActiveCfg = Debug|Any CPU
		{A10184D6-980B-41F2-B736-99C1D5A18F4D}.Debug|Any CPU.Build.0 = Debug|Any CPU
		{A10184D6-980B-41F2-B736-99C1D5A18F4D}.Release|Any CPU.ActiveCfg = Release|Any CPU
		{A10184D6-980B-41F2-B736-99C1D5A18F4D}.Release|Any CPU.Build.0 = Release|Any CPU
	EndGlobalSection
	GlobalSection(SolutionProperties) = preSolution
		HideSolutionNode = FALSE
	EndGlobalSection
	GlobalSection(ExtensibilityGlobals) = postSolution
		SolutionGuid = {0F157A4B-FD28-47BB-99C1-CA8BEFDF35F7}
	EndGlobalSection
EndGlobal
